{
  "name": "subkit",
  "version": "0.0.3",
  "dependencies": {
    "cron": {
      "version": "1.0.4",
      "from": "cron@*",
      "resolved": "https://registry.npmjs.org/cron/-/cron-1.0.4.tgz"
    },
    "jshtml-express": {
      "version": "0.0.1",
      "from": "jshtml-express@*",
      "resolved": "https://registry.npmjs.org/jshtml-express/-/jshtml-express-0.0.1.tgz",
      "dependencies": {
        "jshtml": {
          "version": "0.3.0",
          "from": "jshtml@>=0.3",
          "resolved": "https://registry.npmjs.org/jshtml/-/jshtml-0.3.0.tgz",
          "dependencies": {
            "2kenizer": {
              "version": "0.1.6",
              "from": "2kenizer@>=0.1.6",
              "resolved": "https://registry.npmjs.org/2kenizer/-/2kenizer-0.1.6.tgz"
            }
          }
        }
      }
    },
    "json-stringify-safe": {
      "version": "5.0.0",
      "from": "json-stringify-safe@*",
      "resolved": "https://registry.npmjs.org/json-stringify-safe/-/json-stringify-safe-5.0.0.tgz"
    },
    "jsonquery": {
      "version": "0.1.4",
      "from": "jsonquery@*",
      "resolved": "https://registry.npmjs.org/jsonquery/-/jsonquery-0.1.4.tgz"
    },
    "level": {
      "version": "0.18.0",
      "from": "level@*",
      "resolved": "https://registry.npmjs.org/level/-/level-0.18.0.tgz",
      "dependencies": {
        "leveldown": {
          "version": "0.10.2",
          "from": "leveldown@~0.10.0",
          "resolved": "https://registry.npmjs.org/leveldown/-/leveldown-0.10.2.tgz",
          "dependencies": {
            "bindings": {
              "version": "1.1.1",
              "from": "bindings@~1.1.1",
              "resolved": "https://registry.npmjs.org/bindings/-/bindings-1.1.1.tgz"
            },
            "nan": {
              "version": "0.6.0",
              "from": "nan@~0.6.0",
              "resolved": "https://registry.npmjs.org/nan/-/nan-0.6.0.tgz"
            }
          }
        },
        "level-packager": {
          "version": "0.18.0",
          "from": "level-packager@~0.18.0",
          "resolved": "https://registry.npmjs.org/level-packager/-/level-packager-0.18.0.tgz",
          "dependencies": {
            "levelup": {
              "version": "0.18.3",
              "from": "levelup@~0.18.0",
              "resolved": "https://registry.npmjs.org/levelup/-/levelup-0.18.3.tgz",
              "dependencies": {
                "errno": {
                  "version": "0.1.1",
                  "from": "errno@~0.1.0",
                  "resolved": "https://registry.npmjs.org/errno/-/errno-0.1.1.tgz"
                },
                "concat-stream": {
                  "version": "0.1.1",
                  "from": "concat-stream@~0.1.1",
                  "resolved": "https://registry.npmjs.org/concat-stream/-/concat-stream-0.1.1.tgz"
                },
                "readable-stream": {
                  "version": "1.0.27-1",
                  "from": "readable-stream@~1.0.17",
                  "resolved": "https://registry.npmjs.org/readable-stream/-/readable-stream-1.0.27-1.tgz",
                  "dependencies": {
                    "core-util-is": {
                      "version": "1.0.1",
                      "from": "core-util-is@~1.0.0",
                      "resolved": "https://registry.npmjs.org/core-util-is/-/core-util-is-1.0.1.tgz"
                    },
                    "isarray": {
                      "version": "0.0.1",
                      "from": "isarray@0.0.1",
                      "resolved": "https://registry.npmjs.org/isarray/-/isarray-0.0.1.tgz"
                    },
                    "string_decoder": {
                      "version": "0.10.25-1",
                      "from": "string_decoder@~0.10.x",
                      "resolved": "https://registry.npmjs.org/string_decoder/-/string_decoder-0.10.25-1.tgz"
                    },
                    "inherits": {
                      "version": "2.0.1",
                      "from": "inherits@~2.0.1",
                      "resolved": "https://registry.npmjs.org/inherits/-/inherits-2.0.1.tgz"
                    }
                  }
                },
                "xtend": {
                  "version": "2.1.2",
                  "from": "xtend@~2.1.1",
                  "resolved": "https://registry.npmjs.org/xtend/-/xtend-2.1.2.tgz",
                  "dependencies": {
                    "object-keys": {
                      "version": "0.4.0",
                      "from": "object-keys@~0.4.0",
                      "resolved": "https://registry.npmjs.org/object-keys/-/object-keys-0.4.0.tgz"
                    }
                  }
                },
                "prr": {
                  "version": "0.0.0",
                  "from": "prr@~0.0.0",
                  "resolved": "https://registry.npmjs.org/prr/-/prr-0.0.0.tgz"
                },
                "semver": {
                  "version": "2.2.1",
                  "from": "semver@~2.2.1",
                  "resolved": "https://registry.npmjs.org/semver/-/semver-2.2.1.tgz"
                },
                "deferred-leveldown": {
                  "version": "0.2.0",
                  "from": "deferred-leveldown@~0.2.0",
                  "resolved": "https://registry.npmjs.org/deferred-leveldown/-/deferred-leveldown-0.2.0.tgz",
                  "dependencies": {
                    "abstract-leveldown": {
                      "version": "0.12.2",
                      "from": "abstract-leveldown@~0.12.1",
                      "resolved": "https://registry.npmjs.org/abstract-leveldown/-/abstract-leveldown-0.12.2.tgz"
                    }
                  }
                }
              }
            }
          }
        }
      }
    },
    "microtime": {
      "version": "0.5.1",
      "from": "microtime@*",
      "resolved": "https://registry.npmjs.org/microtime/-/microtime-0.5.1.tgz",
      "dependencies": {
        "bindings": {
          "version": "1.1.1",
          "from": "bindings@1.1.1",
          "resolved": "https://registry.npmjs.org/bindings/-/bindings-1.1.1.tgz"
        },
        "nan": {
          "version": "0.6.0",
          "from": "nan@0.6.0",
          "resolved": "https://registry.npmjs.org/nan/-/nan-0.6.0.tgz"
        }
      }
    },
    "nconf": {
      "version": "0.6.9",
      "from": "nconf@*",
      "resolved": "https://registry.npmjs.org/nconf/-/nconf-0.6.9.tgz",
      "dependencies": {
        "async": {
          "version": "0.2.9",
          "from": "async@0.2.9",
          "resolved": "https://registry.npmjs.org/async/-/async-0.2.9.tgz"
        },
        "ini": {
          "version": "1.2.0",
          "from": "ini@1.x.x",
          "resolved": "https://registry.npmjs.org/ini/-/ini-1.2.0.tgz"
        },
        "optimist": {
          "version": "0.6.0",
          "from": "optimist@0.6.0",
          "resolved": "https://registry.npmjs.org/optimist/-/optimist-0.6.0.tgz",
          "dependencies": {
            "wordwrap": {
              "version": "0.0.2",
              "from": "wordwrap@~0.0.2",
              "resolved": "https://registry.npmjs.org/wordwrap/-/wordwrap-0.0.2.tgz"
            },
            "minimist": {
              "version": "0.0.10",
              "from": "minimist@~0.0.1",
              "resolved": "https://registry.npmjs.org/minimist/-/minimist-0.0.10.tgz"
            }
          }
        }
      }
    },
    "node-uuid": {
      "version": "1.4.1",
      "from": "node-uuid@*",
      "resolved": "https://registry.npmjs.org/node-uuid/-/node-uuid-1.4.1.tgz"
    },
    "randomstring": {
      "version": "1.0.3",
      "from": "randomstring@*",
      "resolved": "https://registry.npmjs.org/randomstring/-/randomstring-1.0.3.tgz"
    },
    "restify": {
      "version": "2.8.0",
      "from": "restify@*",
      "resolved": "https://registry.npmjs.org/restify/-/restify-2.8.0.tgz",
      "dependencies": {
        "assert-plus": {
          "version": "0.1.5",
          "from": "assert-plus@0.1.5",
          "resolved": "https://registry.npmjs.org/assert-plus/-/assert-plus-0.1.5.tgz"
        },
        "backoff": {
          "version": "2.3.0",
          "from": "backoff@2.3.0",
          "resolved": "https://registry.npmjs.org/backoff/-/backoff-2.3.0.tgz"
        },
        "bunyan": {
          "version": "0.22.1",
          "from": "bunyan@0.22.1",
          "resolved": "https://registry.npmjs.org/bunyan/-/bunyan-0.22.1.tgz",
          "dependencies": {
            "mv": {
              "version": "0.0.5",
              "from": "mv@0.0.5",
              "resolved": "https://registry.npmjs.org/mv/-/mv-0.0.5.tgz"
            }
          }
        },
        "csv": {
          "version": "0.3.7",
          "from": "csv@0.3.7",
          "resolved": "https://registry.npmjs.org/csv/-/csv-0.3.7.tgz"
        },
        "deep-equal": {
          "version": "0.0.0",
          "from": "deep-equal@0.0.0",
          "resolved": "https://registry.npmjs.org/deep-equal/-/deep-equal-0.0.0.tgz"
        },
        "escape-regexp-component": {
          "version": "1.0.2",
          "from": "escape-regexp-component@1.0.2",
          "resolved": "https://registry.npmjs.org/escape-regexp-component/-/escape-regexp-component-1.0.2.tgz"
        },
        "formidable": {
          "version": "1.0.14",
          "from": "formidable@1.0.14",
          "resolved": "https://registry.npmjs.org/formidable/-/formidable-1.0.14.tgz"
        },
        "http-signature": {
          "version": "0.10.0",
          "from": "http-signature@0.10.0",
          "resolved": "https://registry.npmjs.org/http-signature/-/http-signature-0.10.0.tgz",
          "dependencies": {
            "assert-plus": {
              "version": "0.1.2",
              "from": "assert-plus@0.1.2",
              "resolved": "https://registry.npmjs.org/assert-plus/-/assert-plus-0.1.2.tgz"
            },
            "asn1": {
              "version": "0.1.11",
              "from": "asn1@0.1.11",
              "resolved": "https://registry.npmjs.org/asn1/-/asn1-0.1.11.tgz"
            },
            "ctype": {
              "version": "0.5.2",
              "from": "ctype@0.5.2",
              "resolved": "https://registry.npmjs.org/ctype/-/ctype-0.5.2.tgz"
            }
          }
        },
        "keep-alive-agent": {
          "version": "0.0.1",
          "from": "keep-alive-agent@0.0.1",
          "resolved": "https://registry.npmjs.org/keep-alive-agent/-/keep-alive-agent-0.0.1.tgz"
        },
        "lru-cache": {
          "version": "2.3.1",
          "from": "lru-cache@2.3.1",
          "resolved": "https://registry.npmjs.org/lru-cache/-/lru-cache-2.3.1.tgz"
        },
        "mime": {
          "version": "1.2.11",
          "from": "mime@1.2.11",
          "resolved": "https://registry.npmjs.org/mime/-/mime-1.2.11.tgz"
        },
        "negotiator": {
          "version": "0.3.0",
          "from": "negotiator@0.3.0",
          "resolved": "https://registry.npmjs.org/negotiator/-/negotiator-0.3.0.tgz"
        },
        "once": {
          "version": "1.3.0",
          "from": "once@1.3.0",
          "resolved": "https://registry.npmjs.org/once/-/once-1.3.0.tgz"
        },
        "qs": {
          "version": "0.6.6",
          "from": "qs@0.6.6",
          "resolved": "https://registry.npmjs.org/qs/-/qs-0.6.6.tgz"
        },
        "semver": {
          "version": "2.2.1",
          "from": "semver@2.2.1",
          "resolved": "https://registry.npmjs.org/semver/-/semver-2.2.1.tgz"
        },
        "spdy": {
          "version": "1.19.3",
          "from": "spdy@1.19.3",
          "resolved": "https://registry.npmjs.org/spdy/-/spdy-1.19.3.tgz"
        },
        "tunnel-agent": {
          "version": "0.4.0",
          "from": "tunnel-agent@0.4.0",
          "resolved": "https://registry.npmjs.org/tunnel-agent/-/tunnel-agent-0.4.0.tgz"
        },
        "verror": {
          "version": "1.3.7",
          "from": "verror@1.3.7",
          "resolved": "https://registry.npmjs.org/verror/-/verror-1.3.7.tgz",
          "dependencies": {
            "extsprintf": {
              "version": "1.0.2",
              "from": "extsprintf@1.0.2",
              "resolved": "https://registry.npmjs.org/extsprintf/-/extsprintf-1.0.2.tgz"
            }
          }
        },
        "dtrace-provider": {
          "version": "0.2.8",
          "from": "dtrace-provider@0.2.8",
          "resolved": "https://registry.npmjs.org/dtrace-provider/-/dtrace-provider-0.2.8.tgz"
        }
      }
    },
    "subkit-dashboard": {
      "version": "0.0.2",
      "from": "subkit-dashboard@*"
    },
    "swagger-doc": {
      "version": "0.2.0",
      "from": "swagger-doc@*",
      "resolved": "https://registry.npmjs.org/swagger-doc/-/swagger-doc-0.2.0.tgz"
    },
    "underscore": {
      "version": "1.6.0",
      "from": "underscore@*",
      "resolved": "https://registry.npmjs.org/underscore/-/underscore-1.6.0.tgz"
    },
    "underscore-keypath": {
      "version": "0.0.15",
      "from": "underscore-keypath@",
      "resolved": "https://registry.npmjs.org/underscore-keypath/-/underscore-keypath-0.0.15.tgz"
    }
  }
}
